
Microsoft Visual Studio Solution File, Format Version 12.00
# Visual Studio Version 16
VisualStudioVersion = 16.0.31112.23
MinimumVisualStudioVersion = 10.0.40219.1
Project("{FAE04EC0-301F-11D3-BF4B-00C04F79EFBC}") = "API", "API\API.csproj", "{AE78EC65-1EBC-4DB4-A69C-9345A76FCCB9}"
EndProject
Project("{FAE04EC0-301F-11D3-BF4B-00C04F79EFBC}") = "Domain", "Domain\Domain.csproj", "{3FE6A8FD-58D7-4FB0-81D4-AB8F7DF5CC2A}"
EndProject
Project("{FAE04EC0-301F-11D3-BF4B-00C04F79EFBC}") = "Infrastructure", "Infrastructure\Infrastructure.csproj", "{045CE860-8987-4361-8FD6-BB5DBC4E10C4}"
EndProject
Global
	GlobalSection(SolutionConfigurationPlatforms) = preSolution
		Debug|Any CPU = Debug|Any CPU
		Release|Any CPU = Release|Any CPU
	EndGlobalSection
	GlobalSection(ProjectConfigurationPlatforms) = postSolution
		{AE78EC65-1EBC-4DB4-A69C-9345A76FCCB9}.Debug|Any CPU.ActiveCfg = Debug|Any CPU
		{AE78EC65-1EBC-4DB4-A69C-9345A76FCCB9}.Debug|Any CPU.Build.0 = Debug|Any CPU
		{AE78EC65-1EBC-4DB4-A69C-9345A76FCCB9}.Release|Any CPU.ActiveCfg = Release|Any CPU
		{AE78EC65-1EBC-4DB4-A69C-9345A76FCCB9}.Release|Any CPU.Build.0 = Release|Any CPU
		{3FE6A8FD-58D7-4FB0-81D4-AB8F7DF5CC2A}.Debug|Any CPU.ActiveCfg = Debug|Any CPU
		{3FE6A8FD-58D7-4FB0-81D4-AB8F7DF5CC2A}.Debug|Any CPU.Build.0 = Debug|Any CPU
		{3FE6A8FD-58D7-4FB0-81D4-AB8F7DF5CC2A}.Release|Any CPU.ActiveCfg = Release|Any CPU
		{3FE6A8FD-58D7-4FB0-81D4-AB8F7DF5CC2A}.Release|Any CPU.Build.0 = Release|Any CPU
		{045CE860-8987-4361-8FD6-BB5DBC4E10C4}.Debug|Any CPU.ActiveCfg = Debug|Any CPU
		{045CE860-8987-4361-8FD6-BB5DBC4E10C4}.Debug|Any CPU.Build.0 = Debug|Any CPU
		{045CE860-8987-4361-8FD6-BB5DBC4E10C4}.Release|Any CPU.ActiveCfg = Release|Any CPU
		{045CE860-8987-4361-8FD6-BB5DBC4E10C4}.Release|Any CPU.Build.0 = Release|Any CPU
	EndGlobalSection
	GlobalSection(SolutionProperties) = preSolution
		HideSolutionNode = FALSE
	EndGlobalSection
	GlobalSection(ExtensibilityGlobals) = postSolution
		SolutionGuid = {5469DC9F-64EC-4713-A410-B53B795788DC}
	EndGlobalSection
EndGlobal
